
Microsoft Visual Studio Solution File, Format Version 12.00
# Visual Studio Version 17
VisualStudioVersion = 17.3.32929.385
MinimumVisualStudioVersion = 10.0.40219.1
Project("{FAE04EC0-301F-11D3-BF4B-00C04F79EFBC}") = "MovieInfoAPI", "MovieInfoAPI\MovieInfoAPI.csproj", "{DE9C2FEF-5544-4C9E-BE79-428D1A3B4DDD}"
EndProject
Global
	GlobalSection(SolutionConfigurationPlatforms) = preSolution
		Debug|Any CPU = Debug|Any CPU
		Release|Any CPU = Release|Any CPU
	EndGlobalSection
	GlobalSection(ProjectConfigurationPlatforms) = postSolution
		{DE9C2FEF-5544-4C9E-BE79-428D1A3B4DDD}.Debug|Any CPU.ActiveCfg = Debug|Any CPU
		{DE9C2FEF-5544-4C9E-BE79-428D1A3B4DDD}.Debug|Any CPU.Build.0 = Debug|Any CPU
		{DE9C2FEF-5544-4C9E-BE79-428D1A3B4DDD}.Release|Any CPU.ActiveCfg = Release|Any CPU
		{DE9C2FEF-5544-4C9E-BE79-428D1A3B4DDD}.Release|Any CPU.Build.0 = Release|Any CPU
	EndGlobalSection
	GlobalSection(SolutionProperties) = preSolution
		HideSolutionNode = FALSE
	EndGlobalSection
	GlobalSection(ExtensibilityGlobals) = postSolution
		SolutionGuid = {8A910F11-5460-486C-8C08-8A0DFF102D3E}
	EndGlobalSection
EndGlobal
